
Microsoft Visual Studio Solution File, Format Version 12.00
# Visual Studio Version 16
VisualStudioVersion = 16.0.29613.14
MinimumVisualStudioVersion = 10.0.40219.1
Project("{FAE04EC0-301F-11D3-BF4B-00C04F79EFBC}") = "KelimeEzberleUI", "KelimeEzberleUI\KelimeEzberleUI.csproj", "{C0DB9313-A9B8-4830-8D63-6B41ACB426BA}"
EndProject
Project("{FAE04EC0-301F-11D3-BF4B-00C04F79EFBC}") = "KelimeEzberleEntity", "KelimeEzberleEntity\KelimeEzberleEntity.csproj", "{6EA7A994-59F7-46AA-A5F0-F73A69BF521E}"
EndProject
Project("{FAE04EC0-301F-11D3-BF4B-00C04F79EFBC}") = "KelimeEzberleDAL", "KelimeEzberleDAL\KelimeEzberleDAL.csproj", "{15C50451-BE58-41C5-B862-DF538E6C53CA}"
EndProject
Project("{FAE04EC0-301F-11D3-BF4B-00C04F79EFBC}") = "KelimeEzberle.BLL", "KelimeEzberle.BLL\KelimeEzberle.BLL.csproj", "{DBE6AB19-2EBD-4C34-8987-1D91BABD176F}"
EndProject
Global
	GlobalSection(SolutionConfigurationPlatforms) = preSolution
		Debug|Any CPU = Debug|Any CPU
		Release|Any CPU = Release|Any CPU
	EndGlobalSection
	GlobalSection(ProjectConfigurationPlatforms) = postSolution
		{C0DB9313-A9B8-4830-8D63-6B41ACB426BA}.Debug|Any CPU.ActiveCfg = Debug|Any CPU
		{C0DB9313-A9B8-4830-8D63-6B41ACB426BA}.Debug|Any CPU.Build.0 = Debug|Any CPU
		{C0DB9313-A9B8-4830-8D63-6B41ACB426BA}.Release|Any CPU.ActiveCfg = Release|Any CPU
		{C0DB9313-A9B8-4830-8D63-6B41ACB426BA}.Release|Any CPU.Build.0 = Release|Any CPU
		{6EA7A994-59F7-46AA-A5F0-F73A69BF521E}.Debug|Any CPU.ActiveCfg = Debug|Any CPU
		{6EA7A994-59F7-46AA-A5F0-F73A69BF521E}.Debug|Any CPU.Build.0 = Debug|Any CPU
		{6EA7A994-59F7-46AA-A5F0-F73A69BF521E}.Release|Any CPU.ActiveCfg = Release|Any CPU
		{6EA7A994-59F7-46AA-A5F0-F73A69BF521E}.Release|Any CPU.Build.0 = Release|Any CPU
		{15C50451-BE58-41C5-B862-DF538E6C53CA}.Debug|Any CPU.ActiveCfg = Debug|Any CPU
		{15C50451-BE58-41C5-B862-DF538E6C53CA}.Debug|Any CPU.Build.0 = Debug|Any CPU
		{15C50451-BE58-41C5-B862-DF538E6C53CA}.Release|Any CPU.ActiveCfg = Release|Any CPU
		{15C50451-BE58-41C5-B862-DF538E6C53CA}.Release|Any CPU.Build.0 = Release|Any CPU
		{DBE6AB19-2EBD-4C34-8987-1D91BABD176F}.Debug|Any CPU.ActiveCfg = Debug|Any CPU
		{DBE6AB19-2EBD-4C34-8987-1D91BABD176F}.Debug|Any CPU.Build.0 = Debug|Any CPU
		{DBE6AB19-2EBD-4C34-8987-1D91BABD176F}.Release|Any CPU.ActiveCfg = Release|Any CPU
		{DBE6AB19-2EBD-4C34-8987-1D91BABD176F}.Release|Any CPU.Build.0 = Release|Any CPU
	EndGlobalSection
	GlobalSection(SolutionProperties) = preSolution
		HideSolutionNode = FALSE
	EndGlobalSection
	GlobalSection(ExtensibilityGlobals) = postSolution
		SolutionGuid = {308AC0CE-BA0C-496A-92B9-AEB6DB1A2851}
	EndGlobalSection
EndGlobal
